
Microsoft Visual Studio Solution File, Format Version 12.00
# Visual Studio Version 17
VisualStudioVersion = 17.6.33801.468
MinimumVisualStudioVersion = 10.0.40219.1
Project("{2150E333-8FDC-42A3-9474-1A3956D46DE8}") = "Src", "Src", "{D428F4B1-20EA-4A45-A605-9AFE7A26FC41}"
EndProject
Project("{2150E333-8FDC-42A3-9474-1A3956D46DE8}") = "Test", "Test", "{EFE67016-DE41-4DB3-ADFC-90D8D723F24E}"
EndProject
Project("{2150E333-8FDC-42A3-9474-1A3956D46DE8}") = "Docs", "Docs", "{AF7C3258-4847-44B4-B303-1585226F5A1D}"
EndProject
Project("{2150E333-8FDC-42A3-9474-1A3956D46DE8}") = "Presentation", "Presentation", "{A62BBAC9-8831-4033-ADC1-528BD679DC9E}"
EndProject
Project("{2150E333-8FDC-42A3-9474-1A3956D46DE8}") = "Infra", "Infra", "{C247797C-EB4C-44D9-9FBF-E9D4FD1AAEF0}"
EndProject
Project("{2150E333-8FDC-42A3-9474-1A3956D46DE8}") = "Core", "Core", "{6A8AEBEE-ED5E-452E-9D9C-D21089CACF45}"
EndProject
Project("{2150E333-8FDC-42A3-9474-1A3956D46DE8}") = "Common", "Common", "{8FAEBA00-E04D-4A91-A6CC-020717623F3E}"
EndProject
Project("{FAE04EC0-301F-11D3-BF4B-00C04F79EFBC}") = "ETTS.Domain", "ETTS.Domain\ETTS.Domain.csproj", "{64CBF55D-0A65-4746-BE4D-5ADDE46A0AA1}"
EndProject
Project("{FAE04EC0-301F-11D3-BF4B-00C04F79EFBC}") = "ETTS.Application", "ETTS.Application\ETTS.Application.csproj", "{033663C1-44F9-455D-B577-7D8267A889FA}"
EndProject
Project("{FAE04EC0-301F-11D3-BF4B-00C04F79EFBC}") = "ETTS.Infra", "ETTS.Infra\ETTS.Infra.csproj", "{CA1FCF46-BD14-4067-96E2-94F5B6C0C56D}"
EndProject
Project("{FAE04EC0-301F-11D3-BF4B-00C04F79EFBC}") = "ETTS.Persistence", "ETTS.Persistence\ETTS.Persistence.csproj", "{658D6FF8-DD30-4821-9758-F7526EA6A348}"
EndProject
Project("{FAE04EC0-301F-11D3-BF4B-00C04F79EFBC}") = "Endpoint.Web", "Endpoint.Web\Endpoint.Web.csproj", "{7B5ECC79-F5CE-4F1C-960C-F8BB09FA3654}"
EndProject
Global
	GlobalSection(SolutionConfigurationPlatforms) = preSolution
		Debug|Any CPU = Debug|Any CPU
		Release|Any CPU = Release|Any CPU
	EndGlobalSection
	GlobalSection(ProjectConfigurationPlatforms) = postSolution
		{64CBF55D-0A65-4746-BE4D-5ADDE46A0AA1}.Debug|Any CPU.ActiveCfg = Debug|Any CPU
		{64CBF55D-0A65-4746-BE4D-5ADDE46A0AA1}.Debug|Any CPU.Build.0 = Debug|Any CPU
		{64CBF55D-0A65-4746-BE4D-5ADDE46A0AA1}.Release|Any CPU.ActiveCfg = Release|Any CPU
		{64CBF55D-0A65-4746-BE4D-5ADDE46A0AA1}.Release|Any CPU.Build.0 = Release|Any CPU
		{033663C1-44F9-455D-B577-7D8267A889FA}.Debug|Any CPU.ActiveCfg = Debug|Any CPU
		{033663C1-44F9-455D-B577-7D8267A889FA}.Debug|Any CPU.Build.0 = Debug|Any CPU
		{033663C1-44F9-455D-B577-7D8267A889FA}.Release|Any CPU.ActiveCfg = Release|Any CPU
		{033663C1-44F9-455D-B577-7D8267A889FA}.Release|Any CPU.Build.0 = Release|Any CPU
		{CA1FCF46-BD14-4067-96E2-94F5B6C0C56D}.Debug|Any CPU.ActiveCfg = Debug|Any CPU
		{CA1FCF46-BD14-4067-96E2-94F5B6C0C56D}.Debug|Any CPU.Build.0 = Debug|Any CPU
		{CA1FCF46-BD14-4067-96E2-94F5B6C0C56D}.Release|Any CPU.ActiveCfg = Release|Any CPU
		{CA1FCF46-BD14-4067-96E2-94F5B6C0C56D}.Release|Any CPU.Build.0 = Release|Any CPU
		{658D6FF8-DD30-4821-9758-F7526EA6A348}.Debug|Any CPU.ActiveCfg = Debug|Any CPU
		{658D6FF8-DD30-4821-9758-F7526EA6A348}.Debug|Any CPU.Build.0 = Debug|Any CPU
		{658D6FF8-DD30-4821-9758-F7526EA6A348}.Release|Any CPU.ActiveCfg = Release|Any CPU
		{658D6FF8-DD30-4821-9758-F7526EA6A348}.Release|Any CPU.Build.0 = Release|Any CPU
		{7B5ECC79-F5CE-4F1C-960C-F8BB09FA3654}.Debug|Any CPU.ActiveCfg = Debug|Any CPU
		{7B5ECC79-F5CE-4F1C-960C-F8BB09FA3654}.Debug|Any CPU.Build.0 = Debug|Any CPU
		{7B5ECC79-F5CE-4F1C-960C-F8BB09FA3654}.Release|Any CPU.ActiveCfg = Release|Any CPU
		{7B5ECC79-F5CE-4F1C-960C-F8BB09FA3654}.Release|Any CPU.Build.0 = Release|Any CPU
	EndGlobalSection
	GlobalSection(SolutionProperties) = preSolution
		HideSolutionNode = FALSE
	EndGlobalSection
	GlobalSection(NestedProjects) = preSolution
		{A62BBAC9-8831-4033-ADC1-528BD679DC9E} = {D428F4B1-20EA-4A45-A605-9AFE7A26FC41}
		{C247797C-EB4C-44D9-9FBF-E9D4FD1AAEF0} = {D428F4B1-20EA-4A45-A605-9AFE7A26FC41}
		{6A8AEBEE-ED5E-452E-9D9C-D21089CACF45} = {D428F4B1-20EA-4A45-A605-9AFE7A26FC41}
		{8FAEBA00-E04D-4A91-A6CC-020717623F3E} = {D428F4B1-20EA-4A45-A605-9AFE7A26FC41}
		{64CBF55D-0A65-4746-BE4D-5ADDE46A0AA1} = {6A8AEBEE-ED5E-452E-9D9C-D21089CACF45}
		{033663C1-44F9-455D-B577-7D8267A889FA} = {6A8AEBEE-ED5E-452E-9D9C-D21089CACF45}
		{CA1FCF46-BD14-4067-96E2-94F5B6C0C56D} = {C247797C-EB4C-44D9-9FBF-E9D4FD1AAEF0}
		{658D6FF8-DD30-4821-9758-F7526EA6A348} = {C247797C-EB4C-44D9-9FBF-E9D4FD1AAEF0}
		{7B5ECC79-F5CE-4F1C-960C-F8BB09FA3654} = {A62BBAC9-8831-4033-ADC1-528BD679DC9E}
	EndGlobalSection
	GlobalSection(ExtensibilityGlobals) = postSolution
		SolutionGuid = {5401FBE7-FA56-4C5A-8E37-FBAD8F5BF724}
	EndGlobalSection
EndGlobal
